
Microsoft Visual Studio Solution File, Format Version 12.00
# Visual Studio Version 17
VisualStudioVersion = 17.11.35327.3
MinimumVisualStudioVersion = 10.0.40219.1
Project("{FAE04EC0-301F-11D3-BF4B-00C04F79EFBC}") = "DatabaseLibrary", "DatabaseLibrary\DatabaseLibrary.csproj", "{7C370652-69AF-48C4-B570-D82BEA14400B}"
EndProject
Project("{FAE04EC0-301F-11D3-BF4B-00C04F79EFBC}") = "MainProject", "MainProject\MainProject.csproj", "{FE7A64BC-B382-4855-B442-58C24DC736A4}"
EndProject
Project("{2150E333-8FDC-42A3-9474-1A3956D46DE8}") = "Solution Items", "Solution Items", "{22E06A23-2427-42D6-8CAB-7C605556663C}"
EndProject
Project("{FAE04EC0-301F-11D3-BF4B-00C04F79EFBC}") = "WebLibrary", "WebLibrary\WebLibrary.csproj", "{47CB1DD4-E3D3-4B06-89A0-764FF8E7A841}"
EndProject
Global
	GlobalSection(SolutionConfigurationPlatforms) = preSolution
		Debug|Any CPU = Debug|Any CPU
		Release|Any CPU = Release|Any CPU
	EndGlobalSection
	GlobalSection(ProjectConfigurationPlatforms) = postSolution
		{7C370652-69AF-48C4-B570-D82BEA14400B}.Debug|Any CPU.ActiveCfg = Debug|Any CPU
		{7C370652-69AF-48C4-B570-D82BEA14400B}.Debug|Any CPU.Build.0 = Debug|Any CPU
		{7C370652-69AF-48C4-B570-D82BEA14400B}.Release|Any CPU.ActiveCfg = Release|Any CPU
		{7C370652-69AF-48C4-B570-D82BEA14400B}.Release|Any CPU.Build.0 = Release|Any CPU
		{FE7A64BC-B382-4855-B442-58C24DC736A4}.Debug|Any CPU.ActiveCfg = Debug|Any CPU
		{FE7A64BC-B382-4855-B442-58C24DC736A4}.Debug|Any CPU.Build.0 = Debug|Any CPU
		{FE7A64BC-B382-4855-B442-58C24DC736A4}.Release|Any CPU.ActiveCfg = Release|Any CPU
		{FE7A64BC-B382-4855-B442-58C24DC736A4}.Release|Any CPU.Build.0 = Release|Any CPU
		{47CB1DD4-E3D3-4B06-89A0-764FF8E7A841}.Debug|Any CPU.ActiveCfg = Debug|Any CPU
		{47CB1DD4-E3D3-4B06-89A0-764FF8E7A841}.Debug|Any CPU.Build.0 = Debug|Any CPU
		{47CB1DD4-E3D3-4B06-89A0-764FF8E7A841}.Release|Any CPU.ActiveCfg = Release|Any CPU
		{47CB1DD4-E3D3-4B06-89A0-764FF8E7A841}.Release|Any CPU.Build.0 = Release|Any CPU
	EndGlobalSection
	GlobalSection(SolutionProperties) = preSolution
		HideSolutionNode = FALSE
	EndGlobalSection
	GlobalSection(ExtensibilityGlobals) = postSolution
		SolutionGuid = {F0E935FB-0BA9-4075-8BF8-52843461A2FB}
	EndGlobalSection
EndGlobal
